// !$*UTF8*$!
{
	archiveVersion = 1;
	classes = {
	};
	objectVersion = 46;
	objects = {

/* Begin PBXBuildFile section */
		101285991E269D6500F6DEE3 /* OpenStateNegGUI.swift in Sources */ = {isa = PBXBuildFile; fileRef = 101285981E269D6500F6DEE3 /* OpenStateNegGUI.swift */; };
		10D9241B1E044E1B004D8AD5 /* TimerPageGUI.swift in Sources */ = {isa = PBXBuildFile; fileRef = 10D9241A1E044E1B004D8AD5 /* TimerPageGUI.swift */; };
		311C6A741E42481A00371B1D /* QOC_Evaluation_Aff.swift in Sources */ = {isa = PBXBuildFile; fileRef = 311C6A731E42481A00371B1D /* QOC_Evaluation_Aff.swift */; };
		311C6A761E42494F00371B1D /* QOC_Evalutation_Neg.swift in Sources */ = {isa = PBXBuildFile; fileRef = 311C6A751E42494F00371B1D /* QOC_Evalutation_Neg.swift */; };
		31322EA21E44E93E0061936B /* Individual_Evaluation.swift in Sources */ = {isa = PBXBuildFile; fileRef = 31322EA11E44E93E0061936B /* Individual_Evaluation.swift */; };
		3153C57B1E52594A00EE4F7D /* DebateData.swift in Sources */ = {isa = PBXBuildFile; fileRef = 3153C57A1E52594A00EE4F7D /* DebateData.swift */; };
		319F0A1B1DF9C6DE00C65073 /* NewDebateInputPage.swift in Sources */ = {isa = PBXBuildFile; fileRef = 319F0A1A1DF9C6DE00C65073 /* NewDebateInputPage.swift */; };
		31A31BBA1E312875008B21E9 /* QOC.swift in Sources */ = {isa = PBXBuildFile; fileRef = 31A31BB91E312875008B21E9 /* QOC.swift */; };
		35ADAB561DF5D17F00ED8479 /* AppDelegate.swift in Sources */ = {isa = PBXBuildFile; fileRef = 35ADAB551DF5D17F00ED8479 /* AppDelegate.swift */; };
		35ADAB581DF5D17F00ED8479 /* ViewController.swift in Sources */ = {isa = PBXBuildFile; fileRef = 35ADAB571DF5D17F00ED8479 /* ViewController.swift */; };
		35ADAB5B1DF5D17F00ED8479 /* Main.storyboard in Resources */ = {isa = PBXBuildFile; fileRef = 35ADAB591DF5D17F00ED8479 /* Main.storyboard */; };
		35ADAB5D1DF5D17F00ED8479 /* Assets.xcassets in Resources */ = {isa = PBXBuildFile; fileRef = 35ADAB5C1DF5D17F00ED8479 /* Assets.xcassets */; };
		35ADAB601DF5D17F00ED8479 /* LaunchScreen.storyboard in Resources */ = {isa = PBXBuildFile; fileRef = 35ADAB5E1DF5D17F00ED8479 /* LaunchScreen.storyboard */; };
		35ADAB6B1DF5D17F00ED8479 /* DebateTimerAppTests.swift in Sources */ = {isa = PBXBuildFile; fileRef = 35ADAB6A1DF5D17F00ED8479 /* DebateTimerAppTests.swift */; };
		35ADAB761DF5D17F00ED8479 /* DebateTimerAppUITests.swift in Sources */ = {isa = PBXBuildFile; fileRef = 35ADAB751DF5D17F00ED8479 /* DebateTimerAppUITests.swift */; };
		35ADAB8A1DF5D48400ED8479 /* debate.swift in Sources */ = {isa = PBXBuildFile; fileRef = 35ADAB891DF5D48400ED8479 /* debate.swift */; };
		35ADAB8C1DF5D4A000ED8479 /* debateRound.swift in Sources */ = {isa = PBXBuildFile; fileRef = 35ADAB8B1DF5D4A000ED8479 /* debateRound.swift */; };
		35ADAB8E1DF5D4B800ED8479 /* debater.swift in Sources */ = {isa = PBXBuildFile; fileRef = 35ADAB8D1DF5D4B800ED8479 /* debater.swift */; };
/* End PBXBuildFile section */

/* Begin PBXContainerItemProxy section */
		35ADAB671DF5D17F00ED8479 /* PBXContainerItemProxy */ = {
			isa = PBXContainerItemProxy;
			containerPortal = 35ADAB4A1DF5D17F00ED8479 /* Project object */;
			proxyType = 1;
			remoteGlobalIDString = 35ADAB511DF5D17F00ED8479;
			remoteInfo = DebateTimerApp;
		};
		35ADAB721DF5D17F00ED8479 /* PBXContainerItemProxy */ = {
			isa = PBXContainerItemProxy;
			containerPortal = 35ADAB4A1DF5D17F00ED8479 /* Project object */;
			proxyType = 1;
			remoteGlobalIDString = 35ADAB511DF5D17F00ED8479;
			remoteInfo = DebateTimerApp;
		};
/* End PBXContainerItemProxy section */

/* Begin PBXFileReference section */
		101285981E269D6500F6DEE3 /* OpenStateNegGUI.swift */ = {isa = PBXFileReference; fileEncoding = 4; lastKnownFileType = sourcecode.swift; name = OpenStateNegGUI.swift; path = ../OpenStateNegGUI.swift; sourceTree = "<group>"; };
		10D9241A1E044E1B004D8AD5 /* TimerPageGUI.swift */ = {isa = PBXFileReference; fileEncoding = 4; lastKnownFileType = sourcecode.swift; name = TimerPageGUI.swift; path = ../TimerPageGUI.swift; sourceTree = "<group>"; };
		311C6A731E42481A00371B1D /* QOC_Evaluation_Aff.swift */ = {isa = PBXFileReference; fileEncoding = 4; lastKnownFileType = sourcecode.swift; path = QOC_Evaluation_Aff.swift; sourceTree = "<group>"; };
		311C6A751E42494F00371B1D /* QOC_Evalutation_Neg.swift */ = {isa = PBXFileReference; fileEncoding = 4; lastKnownFileType = sourcecode.swift; path = QOC_Evalutation_Neg.swift; sourceTree = "<group>"; };
		31322EA11E44E93E0061936B /* Individual_Evaluation.swift */ = {isa = PBXFileReference; fileEncoding = 4; lastKnownFileType = sourcecode.swift; path = Individual_Evaluation.swift; sourceTree = "<group>"; };
		3153C57A1E52594A00EE4F7D /* DebateData.swift */ = {isa = PBXFileReference; fileEncoding = 4; lastKnownFileType = sourcecode.swift; name = DebateData.swift; path = ../DebateData.swift; sourceTree = "<group>"; };
		319F0A1A1DF9C6DE00C65073 /* NewDebateInputPage.swift */ = {isa = PBXFileReference; fileEncoding = 4; lastKnownFileType = sourcecode.swift; path = NewDebateInputPage.swift; sourceTree = "<group>"; };
		31A31BB91E312875008B21E9 /* QOC.swift */ = {isa = PBXFileReference; fileEncoding = 4; lastKnownFileType = sourcecode.swift; path = QOC.swift; sourceTree = "<group>"; };
		35ADAB521DF5D17F00ED8479 /* DebateTimerApp.app */ = {isa = PBXFileReference; explicitFileType = wrapper.application; includeInIndex = 0; path = DebateTimerApp.app; sourceTree = BUILT_PRODUCTS_DIR; };
		35ADAB551DF5D17F00ED8479 /* AppDelegate.swift */ = {isa = PBXFileReference; lastKnownFileType = sourcecode.swift; path = AppDelegate.swift; sourceTree = "<group>"; };
		35ADAB571DF5D17F00ED8479 /* ViewController.swift */ = {isa = PBXFileReference; lastKnownFileType = sourcecode.swift; path = ViewController.swift; sourceTree = "<group>"; };
		35ADAB5A1DF5D17F00ED8479 /* Base */ = {isa = PBXFileReference; lastKnownFileType = file.storyboard; name = Base; path = Base.lproj/Main.storyboard; sourceTree = "<group>"; };
		35ADAB5C1DF5D17F00ED8479 /* Assets.xcassets */ = {isa = PBXFileReference; lastKnownFileType = folder.assetcatalog; path = Assets.xcassets; sourceTree = "<group>"; };
		35ADAB5F1DF5D17F00ED8479 /* Base */ = {isa = PBXFileReference; lastKnownFileType = file.storyboard; name = Base; path = Base.lproj/LaunchScreen.storyboard; sourceTree = "<group>"; };
		35ADAB611DF5D17F00ED8479 /* Info.plist */ = {isa = PBXFileReference; lastKnownFileType = text.plist.xml; path = Info.plist; sourceTree = "<group>"; };
		35ADAB661DF5D17F00ED8479 /* DebateTimerAppTests.xctest */ = {isa = PBXFileReference; explicitFileType = wrapper.cfbundle; includeInIndex = 0; path = DebateTimerAppTests.xctest; sourceTree = BUILT_PRODUCTS_DIR; };
		35ADAB6A1DF5D17F00ED8479 /* DebateTimerAppTests.swift */ = {isa = PBXFileReference; lastKnownFileType = sourcecode.swift; path = DebateTimerAppTests.swift; sourceTree = "<group>"; };
		35ADAB6C1DF5D17F00ED8479 /* Info.plist */ = {isa = PBXFileReference; lastKnownFileType = text.plist.xml; path = Info.plist; sourceTree = "<group>"; };
		35ADAB711DF5D17F00ED8479 /* DebateTimerAppUITests.xctest */ = {isa = PBXFileReference; explicitFileType = wrapper.cfbundle; includeInIndex = 0; path = DebateTimerAppUITests.xctest; sourceTree = BUILT_PRODUCTS_DIR; };
		35ADAB751DF5D17F00ED8479 /* DebateTimerAppUITests.swift */ = {isa = PBXFileReference; lastKnownFileType = sourcecode.swift; path = DebateTimerAppUITests.swift; sourceTree = "<group>"; };
		35ADAB771DF5D17F00ED8479 /* Info.plist */ = {isa = PBXFileReference; lastKnownFileType = text.plist.xml; path = Info.plist; sourceTree = "<group>"; };
		35ADAB891DF5D48400ED8479 /* debate.swift */ = {isa = PBXFileReference; fileEncoding = 4; lastKnownFileType = sourcecode.swift; path = debate.swift; sourceTree = "<group>"; };
		35ADAB8B1DF5D4A000ED8479 /* debateRound.swift */ = {isa = PBXFileReference; fileEncoding = 4; lastKnownFileType = sourcecode.swift; path = debateRound.swift; sourceTree = "<group>"; };
		35ADAB8D1DF5D4B800ED8479 /* debater.swift */ = {isa = PBXFileReference; fileEncoding = 4; lastKnownFileType = sourcecode.swift; path = debater.swift; sourceTree = "<group>"; };
/* End PBXFileReference section */

/* Begin PBXFrameworksBuildPhase section */
		35ADAB4F1DF5D17F00ED8479 /* Frameworks */ = {
			isa = PBXFrameworksBuildPhase;
			buildActionMask = 2147483647;
			files = (
			);
			runOnlyForDeploymentPostprocessing = 0;
		};
		35ADAB631DF5D17F00ED8479 /* Frameworks */ = {
			isa = PBXFrameworksBuildPhase;
			buildActionMask = 2147483647;
			files = (
			);
			runOnlyForDeploymentPostprocessing = 0;
		};
		35ADAB6E1DF5D17F00ED8479 /* Frameworks */ = {
			isa = PBXFrameworksBuildPhase;
			buildActionMask = 2147483647;
			files = (
			);
			runOnlyForDeploymentPostprocessing = 0;
		};
/* End PBXFrameworksBuildPhase section */

/* Begin PBXGroup section */
		35ADAB491DF5D17F00ED8479 = {
			isa = PBXGroup;
			children = (
				35ADAB541DF5D17F00ED8479 /* DebateTimerApp */,
				35ADAB691DF5D17F00ED8479 /* DebateTimerAppTests */,
				35ADAB741DF5D17F00ED8479 /* DebateTimerAppUITests */,
				35ADAB531DF5D17F00ED8479 /* Products */,
			);
			sourceTree = "<group>";
		};
		35ADAB531DF5D17F00ED8479 /* Products */ = {
			isa = PBXGroup;
			children = (
				35ADAB521DF5D17F00ED8479 /* DebateTimerApp.app */,
				35ADAB661DF5D17F00ED8479 /* DebateTimerAppTests.xctest */,
				35ADAB711DF5D17F00ED8479 /* DebateTimerAppUITests.xctest */,
			);
			name = Products;
			sourceTree = "<group>";
		};
		35ADAB541DF5D17F00ED8479 /* DebateTimerApp */ = {
			isa = PBXGroup;
			children = (
				35ADAB551DF5D17F00ED8479 /* AppDelegate.swift */,
				35ADAB5C1DF5D17F00ED8479 /* Assets.xcassets */,
				35ADAB891DF5D48400ED8479 /* debate.swift */,
				3153C57A1E52594A00EE4F7D /* DebateData.swift */,
				35ADAB8D1DF5D4B800ED8479 /* debater.swift */,
				35ADAB8B1DF5D4A000ED8479 /* debateRound.swift */,
				31322EA11E44E93E0061936B /* Individual_Evaluation.swift */,
				35ADAB611DF5D17F00ED8479 /* Info.plist */,
				35ADAB5E1DF5D17F00ED8479 /* LaunchScreen.storyboard */,
				35ADAB591DF5D17F00ED8479 /* Main.storyboard */,
				311C6A751E42494F00371B1D /* QOC_Evalutation_Neg.swift */,
				311C6A731E42481A00371B1D /* QOC_Evaluation_Aff.swift */,
				319F0A1A1DF9C6DE00C65073 /* NewDebateInputPage.swift */,
				10D9241A1E044E1B004D8AD5 /* TimerPageGUI.swift */,
				101285981E269D6500F6DEE3 /* OpenStateNegGUI.swift */,
				31A31BB91E312875008B21E9 /* QOC.swift */,
				35ADAB571DF5D17F00ED8479 /* ViewController.swift */,
			);
			path = DebateTimerApp;
			sourceTree = "<group>";
		};
		35ADAB691DF5D17F00ED8479 /* DebateTimerAppTests */ = {
			isa = PBXGroup;
			children = (
				35ADAB6A1DF5D17F00ED8479 /* DebateTimerAppTests.swift */,
				35ADAB6C1DF5D17F00ED8479 /* Info.plist */,
			);
			path = DebateTimerAppTests;
			sourceTree = "<group>";
		};
		35ADAB741DF5D17F00ED8479 /* DebateTimerAppUITests */ = {
			isa = PBXGroup;
			children = (
				35ADAB751DF5D17F00ED8479 /* DebateTimerAppUITests.swift */,
				35ADAB771DF5D17F00ED8479 /* Info.plist */,
			);
			path = DebateTimerAppUITests;
			sourceTree = "<group>";
		};
/* End PBXGroup section */

/* Begin PBXNativeTarget section */
		35ADAB511DF5D17F00ED8479 /* DebateTimerApp */ = {
			isa = PBXNativeTarget;
			buildConfigurationList = 35ADAB7A1DF5D17F00ED8479 /* Build configuration list for PBXNativeTarget "DebateTimerApp" */;
			buildPhases = (
				35ADAB4E1DF5D17F00ED8479 /* Sources */,
				35ADAB4F1DF5D17F00ED8479 /* Frameworks */,
				35ADAB501DF5D17F00ED8479 /* Resources */,
			);
			buildRules = (
			);
			dependencies = (
			);
			name = DebateTimerApp;
			productName = DebateTimerApp;
			productReference = 35ADAB521DF5D17F00ED8479 /* DebateTimerApp.app */;
			productType = "com.apple.product-type.application";
		};
		35ADAB651DF5D17F00ED8479 /* DebateTimerAppTests */ = {
			isa = PBXNativeTarget;
			buildConfigurationList = 35ADAB7D1DF5D17F00ED8479 /* Build configuration list for PBXNativeTarget "DebateTimerAppTests" */;
			buildPhases = (
				35ADAB621DF5D17F00ED8479 /* Sources */,
				35ADAB631DF5D17F00ED8479 /* Frameworks */,
				35ADAB641DF5D17F00ED8479 /* Resources */,
			);
			buildRules = (
			);
			dependencies = (
				35ADAB681DF5D17F00ED8479 /* PBXTargetDependency */,
			);
			name = DebateTimerAppTests;
			productName = DebateTimerAppTests;
			productReference = 35ADAB661DF5D17F00ED8479 /* DebateTimerAppTests.xctest */;
			productType = "com.apple.product-type.bundle.unit-test";
		};
		35ADAB701DF5D17F00ED8479 /* DebateTimerAppUITests */ = {
			isa = PBXNativeTarget;
			buildConfigurationList = 35ADAB801DF5D17F00ED8479 /* Build configuration list for PBXNativeTarget "DebateTimerAppUITests" */;
			buildPhases = (
				35ADAB6D1DF5D17F00ED8479 /* Sources */,
				35ADAB6E1DF5D17F00ED8479 /* Frameworks */,
				35ADAB6F1DF5D17F00ED8479 /* Resources */,
			);
			buildRules = (
			);
			dependencies = (
				35ADAB731DF5D17F00ED8479 /* PBXTargetDependency */,
			);
			name = DebateTimerAppUITests;
			productName = DebateTimerAppUITests;
			productReference = 35ADAB711DF5D17F00ED8479 /* DebateTimerAppUITests.xctest */;
			productType = "com.apple.product-type.bundle.ui-testing";
		};
/* End PBXNativeTarget section */

/* Begin PBXProject section */
		35ADAB4A1DF5D17F00ED8479 /* Project object */ = {
			isa = PBXProject;
			attributes = {
				LastSwiftUpdateCheck = 0800;
				LastUpgradeCheck = 0800;
				ORGANIZATIONNAME = "GOVINDARAJAN, SATHYANARAYANAN";
				TargetAttributes = {
					35ADAB511DF5D17F00ED8479 = {
						CreatedOnToolsVersion = 8.0;
						DevelopmentTeam = 7ABW74YQHK;
						ProvisioningStyle = Automatic;
					};
					35ADAB651DF5D17F00ED8479 = {
						CreatedOnToolsVersion = 8.0;
						ProvisioningStyle = Automatic;
						TestTargetID = 35ADAB511DF5D17F00ED8479;
					};
					35ADAB701DF5D17F00ED8479 = {
						CreatedOnToolsVersion = 8.0;
						ProvisioningStyle = Automatic;
						TestTargetID = 35ADAB511DF5D17F00ED8479;
					};
				};
			};
			buildConfigurationList = 35ADAB4D1DF5D17F00ED8479 /* Build configuration list for PBXProject "DebateTimerApp" */;
			compatibilityVersion = "Xcode 3.2";
			developmentRegion = English;
			hasScannedForEncodings = 0;
			knownRegions = (
				en,
				Base,
			);
			mainGroup = 35ADAB491DF5D17F00ED8479;
			productRefGroup = 35ADAB531DF5D17F00ED8479 /* Products */;
			projectDirPath = "";
			projectRoot = "";
			targets = (
				35ADAB511DF5D17F00ED8479 /* DebateTimerApp */,
				35ADAB651DF5D17F00ED8479 /* DebateTimerAppTests */,
				35ADAB701DF5D17F00ED8479 /* DebateTimerAppUITests */,
			);
		};
/* End PBXProject section */

/* Begin PBXResourcesBuildPhase section */
		35ADAB501DF5D17F00ED8479 /* Resources */ = {
			isa = PBXResourcesBuildPhase;
			buildActionMask = 2147483647;
			files = (
				35ADAB601DF5D17F00ED8479 /* LaunchScreen.storyboard in Resources */,
				35ADAB5D1DF5D17F00ED8479 /* Assets.xcassets in Resources */,
				35ADAB5B1DF5D17F00ED8479 /* Main.storyboard in Resources */,
			);
			runOnlyForDeploymentPostprocessing = 0;
		};
		35ADAB641DF5D17F00ED8479 /* Resources */ = {
			isa = PBXResourcesBuildPhase;
			buildActionMask = 2147483647;
			files = (
			);
			runOnlyForDeploymentPostprocessing = 0;
		};
		35ADAB6F1DF5D17F00ED8479 /* Resources */ = {
			isa = PBXResourcesBuildPhase;
			buildActionMask = 2147483647;
			files = (
			);
			runOnlyForDeploymentPostprocessing = 0;
		};
/* End PBXResourcesBuildPhase section */

/* Begin PBXSourcesBuildPhase section */
		35ADAB4E1DF5D17F00ED8479 /* Sources */ = {
			isa = PBXSourcesBuildPhase;
			buildActionMask = 2147483647;
			files = (
				31322EA21E44E93E0061936B /* Individual_Evaluation.swift in Sources */,
				35ADAB581DF5D17F00ED8479 /* ViewController.swift in Sources */,
				10D9241B1E044E1B004D8AD5 /* TimerPageGUI.swift in Sources */,
				35ADAB8C1DF5D4A000ED8479 /* debateRound.swift in Sources */,
				101285991E269D6500F6DEE3 /* OpenStateNegGUI.swift in Sources */,
				311C6A741E42481A00371B1D /* QOC_Evaluation_Aff.swift in Sources */,
				319F0A1B1DF9C6DE00C65073 /* NewDebateInputPage.swift in Sources */,
				35ADAB561DF5D17F00ED8479 /* AppDelegate.swift in Sources */,
				35ADAB8A1DF5D48400ED8479 /* debate.swift in Sources */,
				3153C57B1E52594A00EE4F7D /* DebateData.swift in Sources */,
				311C6A761E42494F00371B1D /* QOC_Evalutation_Neg.swift in Sources */,
				31A31BBA1E312875008B21E9 /* QOC.swift in Sources */,
				35ADAB8E1DF5D4B800ED8479 /* debater.swift in Sources */,
			);
			runOnlyForDeploymentPostprocessing = 0;
		};
		35ADAB621DF5D17F00ED8479 /* Sources */ = {
			isa = PBXSourcesBuildPhase;
			buildActionMask = 2147483647;
			files = (
				35ADAB6B1DF5D17F00ED8479 /* DebateTimerAppTests.swift in Sources */,
			);
			runOnlyForDeploymentPostprocessing = 0;
		};
		35ADAB6D1DF5D17F00ED8479 /* Sources */ = {
			isa = PBXSourcesBuildPhase;
			buildActionMask = 2147483647;
			files = (
				35ADAB761DF5D17F00ED8479 /* DebateTimerAppUITests.swift in Sources */,
			);
			runOnlyForDeploymentPostprocessing = 0;
		};
/* End PBXSourcesBuildPhase section */

/* Begin PBXTargetDependency section */
		35ADAB681DF5D17F00ED8479 /* PBXTargetDependency */ = {
			isa = PBXTargetDependency;
			target = 35ADAB511DF5D17F00ED8479 /* DebateTimerApp */;
			targetProxy = 35ADAB671DF5D17F00ED8479 /* PBXContainerItemProxy */;
		};
		35ADAB731DF5D17F00ED8479 /* PBXTargetDependency */ = {
			isa = PBXTargetDependency;
			target = 35ADAB511DF5D17F00ED8479 /* DebateTimerApp */;
			targetProxy = 35ADAB721DF5D17F00ED8479 /* PBXContainerItemProxy */;
		};
/* End PBXTargetDependency section */

/* Begin PBXVariantGroup section */
		35ADAB591DF5D17F00ED8479 /* Main.storyboard */ = {
			isa = PBXVariantGroup;
			children = (
				35ADAB5A1DF5D17F00ED8479 /* Base */,
			);
			name = Main.storyboard;
			sourceTree = "<group>";
		};
		35ADAB5E1DF5D17F00ED8479 /* LaunchScreen.storyboard */ = {
			isa = PBXVariantGroup;
			children = (
				35ADAB5F1DF5D17F00ED8479 /* Base */,
			);
			name = LaunchScreen.storyboard;
			sourceTree = "<group>";
		};
/* End PBXVariantGroup section */

/* Begin XCBuildConfiguration section */
		35ADAB781DF5D17F00ED8479 /* Debug */ = {
			isa = XCBuildConfiguration;
			buildSettings = {
				ALWAYS_SEARCH_USER_PATHS = NO;
				CLANG_ANALYZER_NONNULL = YES;
				CLANG_CXX_LANGUAGE_STANDARD = "gnu++0x";
				CLANG_CXX_LIBRARY = "libc++";
				CLANG_ENABLE_MODULES = YES;
				CLANG_ENABLE_OBJC_ARC = YES;
				CLANG_WARN_BOOL_CONVERSION = YES;
				CLANG_WARN_CONSTANT_CONVERSION = YES;
				CLANG_WARN_DIRECT_OBJC_ISA_USAGE = YES_ERROR;
				CLANG_WARN_DOCUMENTATION_COMMENTS = YES;
				CLANG_WARN_EMPTY_BODY = YES;
				CLANG_WARN_ENUM_CONVERSION = YES;
				CLANG_WARN_INFINITE_RECURSION = YES;
				CLANG_WARN_INT_CONVERSION = YES;
				CLANG_WARN_OBJC_ROOT_CLASS = YES_ERROR;
				CLANG_WARN_SUSPICIOUS_MOVES = YES;
				CLANG_WARN_UNREACHABLE_CODE = YES;
				CLANG_WARN__DUPLICATE_METHOD_MATCH = YES;
				"CODE_SIGN_IDENTITY[sdk=iphoneos*]" = "iPhone Developer";
				COPY_PHASE_STRIP = NO;
				DEBUG_INFORMATION_FORMAT = dwarf;
				ENABLE_STRICT_OBJC_MSGSEND = YES;
				ENABLE_TESTABILITY = YES;
				GCC_C_LANGUAGE_STANDARD = gnu99;
				GCC_DYNAMIC_NO_PIC = NO;
				GCC_NO_COMMON_BLOCKS = YES;
				GCC_OPTIMIZATION_LEVEL = 0;
				GCC_PREPROCESSOR_DEFINITIONS = (
					"DEBUG=1",
					"$(inherited)",
				);
				GCC_WARN_64_TO_32_BIT_CONVERSION = YES;
				GCC_WARN_ABOUT_RETURN_TYPE = YES_ERROR;
				GCC_WARN_UNDECLARED_SELECTOR = YES;
				GCC_WARN_UNINITIALIZED_AUTOS = YES_AGGRESSIVE;
				GCC_WARN_UNUSED_FUNCTION = YES;
				GCC_WARN_UNUSED_VARIABLE = YES;
				IPHONEOS_DEPLOYMENT_TARGET = 10.0;
				MTL_ENABLE_DEBUG_INFO = YES;
				ONLY_ACTIVE_ARCH = YES;
				SDKROOT = iphoneos;
				SWIFT_ACTIVE_COMPILATION_CONDITIONS = DEBUG;
				SWIFT_OPTIMIZATION_LEVEL = "-Onone";
				TARGETED_DEVICE_FAMILY = "1,2";
			};
			name = Debug;
		};
		35ADAB791DF5D17F00ED8479 /* Release */ = {
			isa = XCBuildConfiguration;
			buildSettings = {
				ALWAYS_SEARCH_USER_PATHS = NO;
				CLANG_ANALYZER_NONNULL = YES;
				CLANG_CXX_LANGUAGE_STANDARD = "gnu++0x";
				CLANG_CXX_LIBRARY = "libc++";
				CLANG_ENABLE_MODULES = YES;
				CLANG_ENABLE_OBJC_ARC = YES;
				CLANG_WARN_BOOL_CONVERSION = YES;
				CLANG_WARN_CONSTANT_CONVERSION = YES;
				CLANG_WARN_DIRECT_OBJC_ISA_USAGE = YES_ERROR;
				CLANG_WARN_DOCUMENTATION_COMMENTS = YES;
				CLANG_WARN_EMPTY_BODY = YES;
				CLANG_WARN_ENUM_CONVERSION = YES;
				CLANG_WARN_INFINITE_RECURSION = YES;
				CLANG_WARN_INT_CONVERSION = YES;
				CLANG_WARN_OBJC_ROOT_CLASS = YES_ERROR;
				CLANG_WARN_SUSPICIOUS_MOVES = YES;
				CLANG_WARN_UNREACHABLE_CODE = YES;
				CLANG_WARN__DUPLICATE_METHOD_MATCH = YES;
				"CODE_SIGN_IDENTITY[sdk=iphoneos*]" = "iPhone Developer";
				COPY_PHASE_STRIP = NO;
				DEBUG_INFORMATION_FORMAT = "dwarf-with-dsym";
				ENABLE_NS_ASSERTIONS = NO;
				ENABLE_STRICT_OBJC_MSGSEND = YES;
				GCC_C_LANGUAGE_STANDARD = gnu99;
				GCC_NO_COMMON_BLOCKS = YES;
				GCC_WARN_64_TO_32_BIT_CONVERSION = YES;
				GCC_WARN_ABOUT_RETURN_TYPE = YES_ERROR;
				GCC_WARN_UNDECLARED_SELECTOR = YES;
				GCC_WARN_UNINITIALIZED_AUTOS = YES_AGGRESSIVE;
				GCC_WARN_UNUSED_FUNCTION = YES;
				GCC_WARN_UNUSED_VARIABLE = YES;
				IPHONEOS_DEPLOYMENT_TARGET = 10.0;
				MTL_ENABLE_DEBUG_INFO = NO;
				SDKROOT = iphoneos;
				SWIFT_OPTIMIZATION_LEVEL = "-Owholemodule";
				TARGETED_DEVICE_FAMILY = "1,2";
				VALIDATE_PRODUCT = YES;
			};
			name = Release;
		};
		35ADAB7B1DF5D17F00ED8479 /* Debug */ = {
			isa = XCBuildConfiguration;
			buildSettings = {
				ASSETCATALOG_COMPILER_APPICON_NAME = AppIcon;
				DEVELOPMENT_TEAM = 7ABW74YQHK;
				INFOPLIST_FILE = DebateTimerApp/Info.plist;
				IPHONEOS_DEPLOYMENT_TARGET = 10.0;
				LD_RUNPATH_SEARCH_PATHS = "$(inherited) @executable_path/Frameworks";
				PRODUCT_BUNDLE_IDENTIFIER = FrenchFriesGroup.DebateTimerApp;
				PRODUCT_NAME = "$(TARGET_NAME)";
				SWIFT_VERSION = 3.0;
			};
			name = Debug;
		};
		35ADAB7C1DF5D17F00ED8479 /* Release */ = {
			isa = XCBuildConfiguration;
			buildSettings = {
				ASSETCATALOG_COMPILER_APPICON_NAME = AppIcon;
				DEVELOPMENT_TEAM = 7ABW74YQHK;
				INFOPLIST_FILE = DebateTimerApp/Info.plist;
				IPHONEOS_DEPLOYMENT_TARGET = 10.0;
				LD_RUNPATH_SEARCH_PATHS = "$(inherited) @executable_path/Frameworks";
				PRODUCT_BUNDLE_IDENTIFIER = FrenchFriesGroup.DebateTimerApp;
				PRODUCT_NAME = "$(TARGET_NAME)";
				SWIFT_VERSION = 3.0;
			};
			name = Release;
		};
		35ADAB7E1DF5D17F00ED8479 /* Debug */ = {
			isa = XCBuildConfiguration;
			buildSettings = {
				ALWAYS_EMBED_SWIFT_STANDARD_LIBRARIES = YES;
				BUNDLE_LOADER = "$(TEST_HOST)";
				INFOPLIST_FILE = DebateTimerAppTests/Info.plist;
				LD_RUNPATH_SEARCH_PATHS = "$(inherited) @executable_path/Frameworks @loader_path/Frameworks";
				PRODUCT_BUNDLE_IDENTIFIER = FrenchFriesGroup.DebateTimerAppTests;
				PRODUCT_NAME = "$(TARGET_NAME)";
				SWIFT_VERSION = 3.0;
				TEST_HOST = "$(BUILT_PRODUCTS_DIR)/DebateTimerApp.app/DebateTimerApp";
			};
			name = Debug;
		};
		35ADAB7F1DF5D17F00ED8479 /* Release */ = {
			isa = XCBuildConfiguration;
			buildSettings = {
				ALWAYS_EMBED_SWIFT_STANDARD_LIBRARIES = YES;
				BUNDLE_LOADER = "$(TEST_HOST)";
				INFOPLIST_FILE = DebateTimerAppTests/Info.plist;
				LD_RUNPATH_SEARCH_PATHS = "$(inherited) @executable_path/Frameworks @loader_path/Frameworks";
				PRODUCT_BUNDLE_IDENTIFIER = FrenchFriesGroup.DebateTimerAppTests;
				PRODUCT_NAME = "$(TARGET_NAME)";
				SWIFT_VERSION = 3.0;
				TEST_HOST = "$(BUILT_PRODUCTS_DIR)/DebateTimerApp.app/DebateTimerApp";
			};
			name = Release;
		};
		35ADAB811DF5D17F00ED8479 /* Debug */ = {
			isa = XCBuildConfiguration;
			buildSettings = {
				ALWAYS_EMBED_SWIFT_STANDARD_LIBRARIES = YES;
				INFOPLIST_FILE = DebateTimerAppUITests/Info.plist;
				LD_RUNPATH_SEARCH_PATHS = "$(inherited) @executable_path/Frameworks @loader_path/Frameworks";
				PRODUCT_BUNDLE_IDENTIFIER = FrenchFriesGroup.DebateTimerAppUITests;
				PRODUCT_NAME = "$(TARGET_NAME)";
				SWIFT_VERSION = 3.0;
				TEST_TARGET_NAME = DebateTimerApp;
			};
			name = Debug;
		};
		35ADAB821DF5D17F00ED8479 /* Release */ = {
			isa = XCBuildConfiguration;
			buildSettings = {
				ALWAYS_EMBED_SWIFT_STANDARD_LIBRARIES = YES;
				INFOPLIST_FILE = DebateTimerAppUITests/Info.plist;
				LD_RUNPATH_SEARCH_PATHS = "$(inherited) @executable_path/Frameworks @loader_path/Frameworks";
				PRODUCT_BUNDLE_IDENTIFIER = FrenchFriesGroup.DebateTimerAppUITests;
				PRODUCT_NAME = "$(TARGET_NAME)";
				SWIFT_VERSION = 3.0;
				TEST_TARGET_NAME = DebateTimerApp;
			};
			name = Release;
		};
/* End XCBuildConfiguration section */

/* Begin XCConfigurationList section */
		35ADAB4D1DF5D17F00ED8479 /* Build configuration list for PBXProject "DebateTimerApp" */ = {
			isa = XCConfigurationList;
			buildConfigurations = (
				35ADAB781DF5D17F00ED8479 /* Debug */,
				35ADAB791DF5D17F00ED8479 /* Release */,
			);
			defaultConfigurationIsVisible = 0;
			defaultConfigurationName = Release;
		};
		35ADAB7A1DF5D17F00ED8479 /* Build configuration list for PBXNativeTarget "DebateTimerApp" */ = {
			isa = XCConfigurationList;
			buildConfigurations = (
				35ADAB7B1DF5D17F00ED8479 /* Debug */,
				35ADAB7C1DF5D17F00ED8479 /* Release */,
			);
			defaultConfigurationIsVisible = 0;
			defaultConfigurationName = Release;
		};
		35ADAB7D1DF5D17F00ED8479 /* Build configuration list for PBXNativeTarget "DebateTimerAppTests" */ = {
			isa = XCConfigurationList;
			buildConfigurations = (
				35ADAB7E1DF5D17F00ED8479 /* Debug */,
				35ADAB7F1DF5D17F00ED8479 /* Release */,
			);
			defaultConfigurationIsVisible = 0;
			defaultConfigurationName = Release;
		};
		35ADAB801DF5D17F00ED8479 /* Build configuration list for PBXNativeTarget "DebateTimerAppUITests" */ = {
			isa = XCConfigurationList;
			buildConfigurations = (
				35ADAB811DF5D17F00ED8479 /* Debug */,
				35ADAB821DF5D17F00ED8479 /* Release */,
			);
			defaultConfigurationIsVisible = 0;
			defaultConfigurationName = Release;
		};
/* End XCConfigurationList section */
	};
	rootObject = 35ADAB4A1DF5D17F00ED8479 /* Project object */;
}
